
Microsoft Visual Studio Solution File, Format Version 12.00
# Visual Studio 2013
VisualStudioVersion = 12.0.40629.0
MinimumVisualStudioVersion = 10.0.40219.1
Project("{FAE04EC0-301F-11D3-BF4B-00C04F79EFBC}") = "Ljc.Learn.DataStruct", "Ljc.Learn.DataStruct\Ljc.Learn.DataStruct.csproj", "{176EB881-DC8A-4A13-B482-FE7F22ADF7DC}"
EndProject
Project("{FAE04EC0-301F-11D3-BF4B-00C04F79EFBC}") = "Ljc.Learn.DataStruct.Console", "..\Ljc.Learn.DataStruct.Console\Ljc.Learn.DataStruct.Console\Ljc.Learn.DataStruct.Console.csproj", "{6672C7BB-0861-447A-9AB0-85B2EB93ECF1}"
EndProject
Global
	GlobalSection(SolutionConfigurationPlatforms) = preSolution
		Debug|Any CPU = Debug|Any CPU
		Release|Any CPU = Release|Any CPU
	EndGlobalSection
	GlobalSection(ProjectConfigurationPlatforms) = postSolution
		{176EB881-DC8A-4A13-B482-FE7F22ADF7DC}.Debug|Any CPU.ActiveCfg = Debug|Any CPU
		{176EB881-DC8A-4A13-B482-FE7F22ADF7DC}.Debug|Any CPU.Build.0 = Debug|Any CPU
		{176EB881-DC8A-4A13-B482-FE7F22ADF7DC}.Release|Any CPU.ActiveCfg = Release|Any CPU
		{176EB881-DC8A-4A13-B482-FE7F22ADF7DC}.Release|Any CPU.Build.0 = Release|Any CPU
		{6672C7BB-0861-447A-9AB0-85B2EB93ECF1}.Debug|Any CPU.ActiveCfg = Debug|Any CPU
		{6672C7BB-0861-447A-9AB0-85B2EB93ECF1}.Debug|Any CPU.Build.0 = Debug|Any CPU
		{6672C7BB-0861-447A-9AB0-85B2EB93ECF1}.Release|Any CPU.ActiveCfg = Release|Any CPU
		{6672C7BB-0861-447A-9AB0-85B2EB93ECF1}.Release|Any CPU.Build.0 = Release|Any CPU
	EndGlobalSection
	GlobalSection(SolutionProperties) = preSolution
		HideSolutionNode = FALSE
	EndGlobalSection
EndGlobal
